// !$*UTF8*$!
{
	archiveVersion = 1;
	classes = {
	};
	objectVersion = 56;
	objects = {

/* Begin PBXBuildFile section */
		0198418C2A1DD845004ABBC0 /* SettingsPageVC.swift in Sources */ = {isa = PBXBuildFile; fileRef = 0198418B2A1DD845004ABBC0 /* SettingsPageVC.swift */; };
		01995FD62A21F8DA00ADB834 /* BaseTabBarController.swift in Sources */ = {isa = PBXBuildFile; fileRef = 01995FD52A21F8DA00ADB834 /* BaseTabBarController.swift */; };
		282CCE302A247B8F00250B86 /* QuizCell.swift in Sources */ = {isa = PBXBuildFile; fileRef = 2982E3FA2A1F0B3F00DB4DE2 /* QuizCell.swift */; };
		282CCE312A247BA000250B86 /* QuizDetailsViewController.swift in Sources */ = {isa = PBXBuildFile; fileRef = 2982E3F62A1EFDA500DB4DE2 /* QuizDetailsViewController.swift */; };
		282CCE322A247BB500250B86 /* QuestionCell.swift in Sources */ = {isa = PBXBuildFile; fileRef = 29892DCA2A1DF568001725E0 /* QuestionCell.swift */; };
		282CCE332A247CDB00250B86 /* ViewFlashcardsViewController.swift in Sources */ = {isa = PBXBuildFile; fileRef = 34B7EBD82A1E64A900F533D7 /* ViewFlashcardsViewController.swift */; };
		282CCE342A247CE000250B86 /* FlashCardDetailsViewController.swift in Sources */ = {isa = PBXBuildFile; fileRef = 348FA6B62A23E302009C1D8F /* FlashCardDetailsViewController.swift */; };
		282CCE362A24927900250B86 /* TestManager.swift in Sources */ = {isa = PBXBuildFile; fileRef = 282CCE352A24927900250B86 /* TestManager.swift */; };
		282DD5712A1B23FB00003F6D /* User.swift in Sources */ = {isa = PBXBuildFile; fileRef = 282DD5702A1B23FB00003F6D /* User.swift */; };
		282DD5752A1B24B600003F6D /* SignUpController.swift in Sources */ = {isa = PBXBuildFile; fileRef = 282DD5742A1B24B600003F6D /* SignUpController.swift */; };
		282DD5772A1B24E100003F6D /* LoginController.swift in Sources */ = {isa = PBXBuildFile; fileRef = 282DD5762A1B24E100003F6D /* LoginController.swift */; };
		282DD5802A1B265F00003F6D /* DatabaseController.swift in Sources */ = {isa = PBXBuildFile; fileRef = 282DD57F2A1B265F00003F6D /* DatabaseController.swift */; };
		282DD5822A1B266F00003F6D /* DatabaseManager.swift in Sources */ = {isa = PBXBuildFile; fileRef = 282DD5812A1B266F00003F6D /* DatabaseManager.swift */; };
		286157782A1B47030023D85A /* FlashyQuiz.db in Resources */ = {isa = PBXBuildFile; fileRef = 286157772A1B47030023D85A /* FlashyQuiz.db */; };
		28A978202A00CC8C00B2A25A /* AppDelegate.swift in Sources */ = {isa = PBXBuildFile; fileRef = 28A9781F2A00CC8C00B2A25A /* AppDelegate.swift */; };
		28A978222A00CC8C00B2A25A /* SceneDelegate.swift in Sources */ = {isa = PBXBuildFile; fileRef = 28A978212A00CC8C00B2A25A /* SceneDelegate.swift */; };
		28A978242A00CC8C00B2A25A /* ViewController.swift in Sources */ = {isa = PBXBuildFile; fileRef = 28A978232A00CC8C00B2A25A /* ViewController.swift */; };
		28A978292A00CC8D00B2A25A /* Assets.xcassets in Resources */ = {isa = PBXBuildFile; fileRef = 28A978282A00CC8D00B2A25A /* Assets.xcassets */; };
		28A9782C2A00CC8D00B2A25A /* LaunchScreen.storyboard in Resources */ = {isa = PBXBuildFile; fileRef = 28A9782A2A00CC8D00B2A25A /* LaunchScreen.storyboard */; };
		28B3C2272A1C5075007554F7 /* UserManager.swift in Sources */ = {isa = PBXBuildFile; fileRef = 28B3C2262A1C5075007554F7 /* UserManager.swift */; };
		28B3C2292A1C51B6007554F7 /* SQLite.swift in Resources */ = {isa = PBXBuildFile; fileRef = 28B3C2282A1C51B6007554F7 /* SQLite.swift */; };
		28B3C22B2A1C51C2007554F7 /* SQLite in Frameworks */ = {isa = PBXBuildFile; productRef = 28B3C22A2A1C51C2007554F7 /* SQLite */; };
		28B3C22D2A1C562B007554F7 /* QuizManager.swift in Sources */ = {isa = PBXBuildFile; fileRef = 28B3C22C2A1C562B007554F7 /* QuizManager.swift */; };
		28B3C22F2A1C5859007554F7 /* FlashcardManager.swift in Sources */ = {isa = PBXBuildFile; fileRef = 28B3C22E2A1C5859007554F7 /* FlashcardManager.swift */; };
		28B3C2352A1C7A7D007554F7 /* HomeViewController.swift in Sources */ = {isa = PBXBuildFile; fileRef = 28B3C2342A1C7A7D007554F7 /* HomeViewController.swift */; };
		28F121B62A133AD5000E1AFB /* Home.swift in Sources */ = {isa = PBXBuildFile; fileRef = 28F121B52A133AD5000E1AFB /* Home.swift */; };
		2934F4392A19E4D800DC38D9 /* AddTitleCreateQuizViewController.swift in Sources */ = {isa = PBXBuildFile; fileRef = 2934F4382A19E4D800DC38D9 /* AddTitleCreateQuizViewController.swift */; };
		29639D052A24744A009903C0 /* Question.swift in Sources */ = {isa = PBXBuildFile; fileRef = 29639D042A24744A009903C0 /* Question.swift */; };
		29702D732A1B923C00A8B3F3 /* ReviewQuizViewController.swift in Sources */ = {isa = PBXBuildFile; fileRef = 29702D722A1B923C00A8B3F3 /* ReviewQuizViewController.swift */; };
		2982E3FD2A1F0B3F00DB4DE2 /* QuizCell.xib in Resources */ = {isa = PBXBuildFile; fileRef = 2982E3FB2A1F0B3F00DB4DE2 /* QuizCell.xib */; };
		2982E4002A1F5BA500DB4DE2 /* DetailCell.swift in Sources */ = {isa = PBXBuildFile; fileRef = 2982E3FE2A1F5BA500DB4DE2 /* DetailCell.swift */; };
		2982E4012A1F5BA500DB4DE2 /* DetailCell.xib in Resources */ = {isa = PBXBuildFile; fileRef = 2982E3FF2A1F5BA500DB4DE2 /* DetailCell.xib */; };
		2982E4032A1F8E4D00DB4DE2 /* ModifyQuizViewController.swift in Sources */ = {isa = PBXBuildFile; fileRef = 2982E4022A1F8E4D00DB4DE2 /* ModifyQuizViewController.swift */; };
		29892DCD2A1DF568001725E0 /* QuestionCell.xib in Resources */ = {isa = PBXBuildFile; fileRef = 29892DCB2A1DF568001725E0 /* QuestionCell.xib */; };
		2997100F2A231C7500944E3B /* ModifyCell.swift in Sources */ = {isa = PBXBuildFile; fileRef = 2997100D2A231C7500944E3B /* ModifyCell.swift */; };
		299710102A231C7500944E3B /* ModifyCell.xib in Resources */ = {isa = PBXBuildFile; fileRef = 2997100E2A231C7500944E3B /* ModifyCell.xib */; };
		29EB9FEF2A18C5D200B152E2 /* Quiz.swift in Sources */ = {isa = PBXBuildFile; fileRef = 29EB9FEE2A18C5D200B152E2 /* Quiz.swift */; };
		29EB9FF22A18C65000B152E2 /* QuizMainMenuViewController.swift in Sources */ = {isa = PBXBuildFile; fileRef = 29EB9FF12A18C65000B152E2 /* QuizMainMenuViewController.swift */; };
		29EB9FF82A18C6EB00B152E2 /* QuizListViewViewController.swift in Sources */ = {isa = PBXBuildFile; fileRef = 29EB9FF72A18C6EB00B152E2 /* QuizListViewViewController.swift */; };
		29EB9FFA2A18CACC00B152E2 /* QuizResultsViewController.swift in Sources */ = {isa = PBXBuildFile; fileRef = 29EB9FF92A18CACC00B152E2 /* QuizResultsViewController.swift */; };
		29EB9FFC2A18CB2200B152E2 /* QuizGameViewController.swift in Sources */ = {isa = PBXBuildFile; fileRef = 29EB9FFB2A18CB2200B152E2 /* QuizGameViewController.swift */; };
		29EBA0002A18CF7000B152E2 /* CreateQuizViewController.swift in Sources */ = {isa = PBXBuildFile; fileRef = 29EB9FFF2A18CF7000B152E2 /* CreateQuizViewController.swift */; };
		310D5EBC2A249F6C0048D6BC /* Main.storyboard in Resources */ = {isa = PBXBuildFile; fileRef = 28A978252A00CC8C00B2A25A /* Main.storyboard */; };
		3148F9752A1C7BFC002C2C3C /* FlashCard.swift in Sources */ = {isa = PBXBuildFile; fileRef = 3148F9742A1C7BFC002C2C3C /* FlashCard.swift */; };
		319AC7712A247157009EAF82 /* FlashcardGroup.swift in Sources */ = {isa = PBXBuildFile; fileRef = 319AC7702A247157009EAF82 /* FlashcardGroup.swift */; };
		346D88632A25A98900BE7A7F /* DetailsCell.swift in Sources */ = {isa = PBXBuildFile; fileRef = 346D88622A25A98900BE7A7F /* DetailsCell.swift */; };
		346D88672A25AA1800BE7A7F /* DetailsCell.xib in Resources */ = {isa = PBXBuildFile; fileRef = 346D88662A25AA1800BE7A7F /* DetailsCell.xib */; };
		348FA69F2A23CE17009C1D8F /* FlashCardMainMenuViewController.swift in Sources */ = {isa = PBXBuildFile; fileRef = 348FA69E2A23CE17009C1D8F /* FlashCardMainMenuViewController.swift */; };
		348FA6A52A23D402009C1D8F /* AddTitleFlashCardViewController.swift in Sources */ = {isa = PBXBuildFile; fileRef = 348FA6A42A23D402009C1D8F /* AddTitleFlashCardViewController.swift */; };
		348FA6A72A23DD36009C1D8F /* FlashCardListViewController.swift in Sources */ = {isa = PBXBuildFile; fileRef = 348FA6A62A23DD36009C1D8F /* FlashCardListViewController.swift */; };
		348FA6B12A23E0A2009C1D8F /* FlashCardCell.swift in Sources */ = {isa = PBXBuildFile; fileRef = 348FA6AF2A23E0A2009C1D8F /* FlashCardCell.swift */; };
		348FA6B22A23E0A2009C1D8F /* FlashCardCell.xib in Resources */ = {isa = PBXBuildFile; fileRef = 348FA6B02A23E0A2009C1D8F /* FlashCardCell.xib */; };
		34B7EBD52A1E63BD00F533D7 /* CreateFlashCardViewController.swift in Sources */ = {isa = PBXBuildFile; fileRef = 34B7EBD42A1E63BD00F533D7 /* CreateFlashCardViewController.swift */; };
		34B7EBDE2A1E64FA00F533D7 /* EditFlashCardViewController.swift in Sources */ = {isa = PBXBuildFile; fileRef = 34B7EBDD2A1E64FA00F533D7 /* EditFlashCardViewController.swift */; };
		47ED3CE52A0A04B900BC229D /* File in Resources */ = {isa = PBXBuildFile; fileRef = 47ED3CE42A0A04B900BC229D /* File */; };
/* End PBXBuildFile section */

/* Begin PBXFileReference section */
		0198418B2A1DD845004ABBC0 /* SettingsPageVC.swift */ = {isa = PBXFileReference; lastKnownFileType = sourcecode.swift; path = SettingsPageVC.swift; sourceTree = "<group>"; };
		01995FD52A21F8DA00ADB834 /* BaseTabBarController.swift */ = {isa = PBXFileReference; lastKnownFileType = sourcecode.swift; path = BaseTabBarController.swift; sourceTree = "<group>"; };
		282CCE352A24927900250B86 /* TestManager.swift */ = {isa = PBXFileReference; lastKnownFileType = sourcecode.swift; path = TestManager.swift; sourceTree = "<group>"; };
		282DD5702A1B23FB00003F6D /* User.swift */ = {isa = PBXFileReference; lastKnownFileType = sourcecode.swift; path = User.swift; sourceTree = "<group>"; };
		282DD5742A1B24B600003F6D /* SignUpController.swift */ = {isa = PBXFileReference; lastKnownFileType = sourcecode.swift; path = SignUpController.swift; sourceTree = "<group>"; };
		282DD5762A1B24E100003F6D /* LoginController.swift */ = {isa = PBXFileReference; lastKnownFileType = sourcecode.swift; path = LoginController.swift; sourceTree = "<group>"; };
		282DD57F2A1B265F00003F6D /* DatabaseController.swift */ = {isa = PBXFileReference; lastKnownFileType = sourcecode.swift; path = DatabaseController.swift; sourceTree = "<group>"; };
		282DD5812A1B266F00003F6D /* DatabaseManager.swift */ = {isa = PBXFileReference; lastKnownFileType = sourcecode.swift; path = DatabaseManager.swift; sourceTree = "<group>"; };
		286157772A1B47030023D85A /* FlashyQuiz.db */ = {isa = PBXFileReference; lastKnownFileType = file; path = FlashyQuiz.db; sourceTree = "<group>"; };
		2861577A2A1B49550023D85A /* libsqlite3.tbd */ = {isa = PBXFileReference; lastKnownFileType = "sourcecode.text-based-dylib-definition"; name = libsqlite3.tbd; path = usr/lib/libsqlite3.tbd; sourceTree = SDKROOT; };
		286157802A1B4C020023D85A /* FlashyQuiz-Bridging-Header.h */ = {isa = PBXFileReference; lastKnownFileType = sourcecode.c.h; path = "FlashyQuiz-Bridging-Header.h"; sourceTree = "<group>"; };
		28A9781C2A00CC8C00B2A25A /* FlashyQuiz.app */ = {isa = PBXFileReference; explicitFileType = wrapper.application; includeInIndex = 0; path = FlashyQuiz.app; sourceTree = BUILT_PRODUCTS_DIR; };
		28A9781F2A00CC8C00B2A25A /* AppDelegate.swift */ = {isa = PBXFileReference; lastKnownFileType = sourcecode.swift; path = AppDelegate.swift; sourceTree = "<group>"; };
		28A978212A00CC8C00B2A25A /* SceneDelegate.swift */ = {isa = PBXFileReference; lastKnownFileType = sourcecode.swift; path = SceneDelegate.swift; sourceTree = "<group>"; };
		28A978232A00CC8C00B2A25A /* ViewController.swift */ = {isa = PBXFileReference; lastKnownFileType = sourcecode.swift; path = ViewController.swift; sourceTree = "<group>"; };
		28A978262A00CC8C00B2A25A /* Base */ = {isa = PBXFileReference; lastKnownFileType = file.storyboard; name = Base; path = Base.lproj/Main.storyboard; sourceTree = "<group>"; };
		28A978282A00CC8D00B2A25A /* Assets.xcassets */ = {isa = PBXFileReference; lastKnownFileType = folder.assetcatalog; path = Assets.xcassets; sourceTree = "<group>"; };
		28A9782B2A00CC8D00B2A25A /* Base */ = {isa = PBXFileReference; lastKnownFileType = file.storyboard; name = Base; path = Base.lproj/LaunchScreen.storyboard; sourceTree = "<group>"; };
		28A9782D2A00CC8D00B2A25A /* Info.plist */ = {isa = PBXFileReference; lastKnownFileType = text.plist.xml; path = Info.plist; sourceTree = "<group>"; };
		28B3C2262A1C5075007554F7 /* UserManager.swift */ = {isa = PBXFileReference; lastKnownFileType = sourcecode.swift; path = UserManager.swift; sourceTree = "<group>"; };
		28B3C2282A1C51B6007554F7 /* SQLite.swift */ = {isa = PBXFileReference; lastKnownFileType = wrapper; path = SQLite.swift; sourceTree = "<group>"; };
		28B3C22C2A1C562B007554F7 /* QuizManager.swift */ = {isa = PBXFileReference; lastKnownFileType = sourcecode.swift; path = QuizManager.swift; sourceTree = "<group>"; };
		28B3C22E2A1C5859007554F7 /* FlashcardManager.swift */ = {isa = PBXFileReference; lastKnownFileType = sourcecode.swift; path = FlashcardManager.swift; sourceTree = "<group>"; };
		28B3C2302A1C5865007554F7 /* SettingsManager.swift */ = {isa = PBXFileReference; lastKnownFileType = sourcecode.swift; path = SettingsManager.swift; sourceTree = "<group>"; };
		28B3C2342A1C7A7D007554F7 /* HomeViewController.swift */ = {isa = PBXFileReference; lastKnownFileType = sourcecode.swift; path = HomeViewController.swift; sourceTree = "<group>"; };
		28F121B52A133AD5000E1AFB /* Home.swift */ = {isa = PBXFileReference; lastKnownFileType = sourcecode.swift; path = Home.swift; sourceTree = "<group>"; };
		28F121B92A13408F000E1AFB /* dumbyfile.md */ = {isa = PBXFileReference; lastKnownFileType = net.daringfireball.markdown; path = dumbyfile.md; sourceTree = "<group>"; };
		28F121BA2A134099000E1AFB /* dumbyfile.md */ = {isa = PBXFileReference; lastKnownFileType = net.daringfireball.markdown; path = dumbyfile.md; sourceTree = "<group>"; };
		2934F4382A19E4D800DC38D9 /* AddTitleCreateQuizViewController.swift */ = {isa = PBXFileReference; lastKnownFileType = sourcecode.swift; path = AddTitleCreateQuizViewController.swift; sourceTree = "<group>"; };
		29639D042A24744A009903C0 /* Question.swift */ = {isa = PBXFileReference; lastKnownFileType = sourcecode.swift; path = Question.swift; sourceTree = "<group>"; };
		29702D722A1B923C00A8B3F3 /* ReviewQuizViewController.swift */ = {isa = PBXFileReference; lastKnownFileType = sourcecode.swift; path = ReviewQuizViewController.swift; sourceTree = "<group>"; };
		2982E3F62A1EFDA500DB4DE2 /* QuizDetailsViewController.swift */ = {isa = PBXFileReference; lastKnownFileType = sourcecode.swift; path = QuizDetailsViewController.swift; sourceTree = "<group>"; };
		2982E3FA2A1F0B3F00DB4DE2 /* QuizCell.swift */ = {isa = PBXFileReference; lastKnownFileType = sourcecode.swift; path = QuizCell.swift; sourceTree = "<group>"; };
		2982E3FB2A1F0B3F00DB4DE2 /* QuizCell.xib */ = {isa = PBXFileReference; lastKnownFileType = file.xib; path = QuizCell.xib; sourceTree = "<group>"; };
		2982E3FE2A1F5BA500DB4DE2 /* DetailCell.swift */ = {isa = PBXFileReference; lastKnownFileType = sourcecode.swift; path = DetailCell.swift; sourceTree = "<group>"; };
		2982E3FF2A1F5BA500DB4DE2 /* DetailCell.xib */ = {isa = PBXFileReference; lastKnownFileType = file.xib; path = DetailCell.xib; sourceTree = "<group>"; };
		2982E4022A1F8E4D00DB4DE2 /* ModifyQuizViewController.swift */ = {isa = PBXFileReference; lastKnownFileType = sourcecode.swift; path = ModifyQuizViewController.swift; sourceTree = "<group>"; };
		29892DCA2A1DF568001725E0 /* QuestionCell.swift */ = {isa = PBXFileReference; lastKnownFileType = sourcecode.swift; path = QuestionCell.swift; sourceTree = "<group>"; };
		29892DCB2A1DF568001725E0 /* QuestionCell.xib */ = {isa = PBXFileReference; lastKnownFileType = file.xib; path = QuestionCell.xib; sourceTree = "<group>"; };
		2997100D2A231C7500944E3B /* ModifyCell.swift */ = {isa = PBXFileReference; lastKnownFileType = sourcecode.swift; path = ModifyCell.swift; sourceTree = "<group>"; };
		2997100E2A231C7500944E3B /* ModifyCell.xib */ = {isa = PBXFileReference; lastKnownFileType = file.xib; path = ModifyCell.xib; sourceTree = "<group>"; };
		29DF85BF2A1A4AB0004EB124 /* quiz.txt */ = {isa = PBXFileReference; lastKnownFileType = text; path = quiz.txt; sourceTree = "<group>"; };
		29EB9FEE2A18C5D200B152E2 /* Quiz.swift */ = {isa = PBXFileReference; lastKnownFileType = sourcecode.swift; path = Quiz.swift; sourceTree = "<group>"; };
		29EB9FF12A18C65000B152E2 /* QuizMainMenuViewController.swift */ = {isa = PBXFileReference; lastKnownFileType = sourcecode.swift; path = QuizMainMenuViewController.swift; sourceTree = "<group>"; };
		29EB9FF72A18C6EB00B152E2 /* QuizListViewViewController.swift */ = {isa = PBXFileReference; lastKnownFileType = sourcecode.swift; path = QuizListViewViewController.swift; sourceTree = "<group>"; };
		29EB9FF92A18CACC00B152E2 /* QuizResultsViewController.swift */ = {isa = PBXFileReference; lastKnownFileType = sourcecode.swift; path = QuizResultsViewController.swift; sourceTree = "<group>"; };
		29EB9FFB2A18CB2200B152E2 /* QuizGameViewController.swift */ = {isa = PBXFileReference; lastKnownFileType = sourcecode.swift; path = QuizGameViewController.swift; sourceTree = "<group>"; };
		29EB9FFF2A18CF7000B152E2 /* CreateQuizViewController.swift */ = {isa = PBXFileReference; lastKnownFileType = sourcecode.swift; path = CreateQuizViewController.swift; sourceTree = "<group>"; };
		3148F9742A1C7BFC002C2C3C /* FlashCard.swift */ = {isa = PBXFileReference; lastKnownFileType = sourcecode.swift; path = FlashCard.swift; sourceTree = "<group>"; };
		319AC7702A247157009EAF82 /* FlashcardGroup.swift */ = {isa = PBXFileReference; lastKnownFileType = sourcecode.swift; path = FlashcardGroup.swift; sourceTree = "<group>"; };
		346D88622A25A98900BE7A7F /* DetailsCell.swift */ = {isa = PBXFileReference; lastKnownFileType = sourcecode.swift; path = DetailsCell.swift; sourceTree = "<group>"; };
		346D88662A25AA1800BE7A7F /* DetailsCell.xib */ = {isa = PBXFileReference; lastKnownFileType = file.xib; path = DetailsCell.xib; sourceTree = "<group>"; };
		348FA69E2A23CE17009C1D8F /* FlashCardMainMenuViewController.swift */ = {isa = PBXFileReference; lastKnownFileType = sourcecode.swift; path = FlashCardMainMenuViewController.swift; sourceTree = "<group>"; };
		348FA6A42A23D402009C1D8F /* AddTitleFlashCardViewController.swift */ = {isa = PBXFileReference; lastKnownFileType = sourcecode.swift; path = AddTitleFlashCardViewController.swift; sourceTree = "<group>"; };
		348FA6A62A23DD36009C1D8F /* FlashCardListViewController.swift */ = {isa = PBXFileReference; lastKnownFileType = sourcecode.swift; path = FlashCardListViewController.swift; sourceTree = "<group>"; };
		348FA6AF2A23E0A2009C1D8F /* FlashCardCell.swift */ = {isa = PBXFileReference; lastKnownFileType = sourcecode.swift; path = FlashCardCell.swift; sourceTree = "<group>"; };
		348FA6B02A23E0A2009C1D8F /* FlashCardCell.xib */ = {isa = PBXFileReference; lastKnownFileType = file.xib; path = FlashCardCell.xib; sourceTree = "<group>"; };
		348FA6B62A23E302009C1D8F /* FlashCardDetailsViewController.swift */ = {isa = PBXFileReference; lastKnownFileType = sourcecode.swift; path = FlashCardDetailsViewController.swift; sourceTree = "<group>"; };
		34B7EBD42A1E63BD00F533D7 /* CreateFlashCardViewController.swift */ = {isa = PBXFileReference; lastKnownFileType = sourcecode.swift; path = CreateFlashCardViewController.swift; sourceTree = "<group>"; };
		34B7EBD82A1E64A900F533D7 /* ViewFlashcardsViewController.swift */ = {isa = PBXFileReference; lastKnownFileType = sourcecode.swift; path = ViewFlashcardsViewController.swift; sourceTree = "<group>"; };
		34B7EBDD2A1E64FA00F533D7 /* EditFlashCardViewController.swift */ = {isa = PBXFileReference; lastKnownFileType = sourcecode.swift; path = EditFlashCardViewController.swift; sourceTree = "<group>"; };
		47ED3CE42A0A04B900BC229D /* File */ = {isa = PBXFileReference; lastKnownFileType = text; path = File; sourceTree = "<group>"; };
/* End PBXFileReference section */

/* Begin PBXFrameworksBuildPhase section */
		28A978192A00CC8C00B2A25A /* Frameworks */ = {
			isa = PBXFrameworksBuildPhase;
			buildActionMask = 2147483647;
			files = (
				28B3C22B2A1C51C2007554F7 /* SQLite in Frameworks */,
			);
			runOnlyForDeploymentPostprocessing = 0;
		};
/* End PBXFrameworksBuildPhase section */

/* Begin PBXGroup section */
		01C2FD202A1CE4D10074C7AD /* MainMenuNav */ = {
			isa = PBXGroup;
			children = (
				01C2FD232A1CE4EF0074C7AD /* Controllers */,
				01C2FD222A1CE4E80074C7AD /* View */,
				01C2FD212A1CE4DF0074C7AD /* Models */,
			);
			path = MainMenuNav;
			sourceTree = "<group>";
		};
		01C2FD212A1CE4DF0074C7AD /* Models */ = {
			isa = PBXGroup;
			children = (
			);
			path = Models;
			sourceTree = "<group>";
		};
		01C2FD222A1CE4E80074C7AD /* View */ = {
			isa = PBXGroup;
			children = (
			);
			path = View;
			sourceTree = "<group>";
		};
		01C2FD232A1CE4EF0074C7AD /* Controllers */ = {
			isa = PBXGroup;
			children = (
				0198418B2A1DD845004ABBC0 /* SettingsPageVC.swift */,
				01995FD52A21F8DA00ADB834 /* BaseTabBarController.swift */,
			);
			path = Controllers;
			sourceTree = "<group>";
		};
		282DD5692A1B232200003F6D /* Model */ = {
			isa = PBXGroup;
			children = (
				282DD5702A1B23FB00003F6D /* User.swift */,
			);
			path = Model;
			sourceTree = "<group>";
		};
		282DD56A2A1B232700003F6D /* Controller */ = {
			isa = PBXGroup;
			children = (
			);
			path = Controller;
			sourceTree = "<group>";
		};
		282DD56B2A1B23BB00003F6D /* UserAccess */ = {
			isa = PBXGroup;
			children = (
				287569002A0A0BE200043F94 /* Main */,
				287568FF2A0A0BCB00043F94 /* SignUp */,
				287568FE2A0A0BC600043F94 /* Login */,
			);
			path = UserAccess;
			sourceTree = "<group>";
		};
		282DD56C2A1B23CF00003F6D /* Controller */ = {
			isa = PBXGroup;
			children = (
				282DD5742A1B24B600003F6D /* SignUpController.swift */,
			);
			path = Controller;
			sourceTree = "<group>";
		};
		282DD56D2A1B23D500003F6D /* Model */ = {
			isa = PBXGroup;
			children = (
			);
			path = Model;
			sourceTree = "<group>";
		};
		282DD56E2A1B23DA00003F6D /* Model */ = {
			isa = PBXGroup;
			children = (
			);
			path = Model;
			sourceTree = "<group>";
		};
		282DD56F2A1B23DE00003F6D /* Controller */ = {
			isa = PBXGroup;
			children = (
				282DD5762A1B24E100003F6D /* LoginController.swift */,
			);
			path = Controller;
			sourceTree = "<group>";
		};
		282DD57C2A1B264300003F6D /* Database */ = {
			isa = PBXGroup;
			children = (
				282DD57E2A1B265500003F6D /* Controller */,
				282DD57D2A1B264B00003F6D /* Model */,
			);
			path = Database;
			sourceTree = "<group>";
		};
		282DD57D2A1B264B00003F6D /* Model */ = {
			isa = PBXGroup;
			children = (
				28B3C2282A1C51B6007554F7 /* SQLite.swift */,
				286157772A1B47030023D85A /* FlashyQuiz.db */,
				282DD5812A1B266F00003F6D /* DatabaseManager.swift */,
				28B3C2262A1C5075007554F7 /* UserManager.swift */,
				28B3C22C2A1C562B007554F7 /* QuizManager.swift */,
				28B3C22E2A1C5859007554F7 /* FlashcardManager.swift */,
				28B3C2302A1C5865007554F7 /* SettingsManager.swift */,
				282CCE352A24927900250B86 /* TestManager.swift */,
			);
			path = Model;
			sourceTree = "<group>";
		};
		282DD57E2A1B265500003F6D /* Controller */ = {
			isa = PBXGroup;
			children = (
				282DD57F2A1B265F00003F6D /* DatabaseController.swift */,
			);
			path = Controller;
			sourceTree = "<group>";
		};
		286157792A1B49540023D85A /* Frameworks */ = {
			isa = PBXGroup;
			children = (
				2861577A2A1B49550023D85A /* libsqlite3.tbd */,
			);
			name = Frameworks;
			sourceTree = "<group>";
		};
		287568FD2A0A0BA500043F94 /* Home */ = {
			isa = PBXGroup;
			children = (
				28F121B52A133AD5000E1AFB /* Home.swift */,
				28B3C2342A1C7A7D007554F7 /* HomeViewController.swift */,
			);
			path = Home;
			sourceTree = "<group>";
		};
		287568FE2A0A0BC600043F94 /* Login */ = {
			isa = PBXGroup;
			children = (
				282DD56F2A1B23DE00003F6D /* Controller */,
				282DD56E2A1B23DA00003F6D /* Model */,
			);
			path = Login;
			sourceTree = "<group>";
		};
		287568FF2A0A0BCB00043F94 /* SignUp */ = {
			isa = PBXGroup;
			children = (
				282DD56C2A1B23CF00003F6D /* Controller */,
				282DD56D2A1B23D500003F6D /* Model */,
			);
			path = SignUp;
			sourceTree = "<group>";
		};
		287569002A0A0BE200043F94 /* Main */ = {
			isa = PBXGroup;
			children = (
				282DD56A2A1B232700003F6D /* Controller */,
				282DD5692A1B232200003F6D /* Model */,
			);
			path = Main;
			sourceTree = "<group>";
		};
		287569012A0A0BF300043F94 /* Settings */ = {
			isa = PBXGroup;
			children = (
				28F121BA2A134099000E1AFB /* dumbyfile.md */,
			);
			path = Settings;
			sourceTree = "<group>";
		};
		287569022A0A0BFD00043F94 /* OtherWorks */ = {
			isa = PBXGroup;
			children = (
				28F121B92A13408F000E1AFB /* dumbyfile.md */,
			);
			path = OtherWorks;
			sourceTree = "<group>";
		};
		287569032A0A0C0700043F94 /* Flashcards */ = {
			isa = PBXGroup;
			children = (
				348FA6AA2A23DFC9009C1D8F /* View */,
				3148F9732A1C7BE7002C2C3C /* Controller */,
				3148F9722A1C7BDC002C2C3C /* Model */,
			);
			path = Flashcards;
			sourceTree = "<group>";
		};
		287569042A0A0C0D00043F94 /* Quizzes */ = {
			isa = PBXGroup;
			children = (
				297A30F62A1E133100076C54 /* View */,
				29DF85BE2A1A4A99004EB124 /* Data */,
				29EB9FF02A18C5E500B152E2 /* Controller */,
				29EB9FEB2A18C53900B152E2 /* Model */,
			);
			path = Quizzes;
			sourceTree = "<group>";
		};
		28A978132A00CC8C00B2A25A = {
			isa = PBXGroup;
			children = (
				286157802A1B4C020023D85A /* FlashyQuiz-Bridging-Header.h */,
				28A9781E2A00CC8C00B2A25A /* FlashyQuiz */,
				28A9781D2A00CC8C00B2A25A /* Products */,
				286157792A1B49540023D85A /* Frameworks */,
			);
			sourceTree = "<group>";
		};
		28A9781D2A00CC8C00B2A25A /* Products */ = {
			isa = PBXGroup;
			children = (
				28A9781C2A00CC8C00B2A25A /* FlashyQuiz.app */,
			);
			name = Products;
			sourceTree = "<group>";
		};
		28A9781E2A00CC8C00B2A25A /* FlashyQuiz */ = {
			isa = PBXGroup;
			children = (
				01C2FD202A1CE4D10074C7AD /* MainMenuNav */,
				282DD57C2A1B264300003F6D /* Database */,
				282DD56B2A1B23BB00003F6D /* UserAccess */,
				287569042A0A0C0D00043F94 /* Quizzes */,
				287569032A0A0C0700043F94 /* Flashcards */,
				287569022A0A0BFD00043F94 /* OtherWorks */,
				287569012A0A0BF300043F94 /* Settings */,
				287568FD2A0A0BA500043F94 /* Home */,
				28A9781F2A00CC8C00B2A25A /* AppDelegate.swift */,
				28A978212A00CC8C00B2A25A /* SceneDelegate.swift */,
				28A978232A00CC8C00B2A25A /* ViewController.swift */,
				28A978252A00CC8C00B2A25A /* Main.storyboard */,
				28A978282A00CC8D00B2A25A /* Assets.xcassets */,
				28A9782A2A00CC8D00B2A25A /* LaunchScreen.storyboard */,
				28A9782D2A00CC8D00B2A25A /* Info.plist */,
				47ED3CE42A0A04B900BC229D /* File */,
			);
			path = FlashyQuiz;
			sourceTree = "<group>";
		};
		297A30F62A1E133100076C54 /* View */ = {
			isa = PBXGroup;
			children = (
				29892DCB2A1DF568001725E0 /* QuestionCell.xib */,
				29892DCA2A1DF568001725E0 /* QuestionCell.swift */,
				2982E3FA2A1F0B3F00DB4DE2 /* QuizCell.swift */,
				2982E3FB2A1F0B3F00DB4DE2 /* QuizCell.xib */,
				2982E3FE2A1F5BA500DB4DE2 /* DetailCell.swift */,
				2982E3FF2A1F5BA500DB4DE2 /* DetailCell.xib */,
				2997100D2A231C7500944E3B /* ModifyCell.swift */,
				2997100E2A231C7500944E3B /* ModifyCell.xib */,
			);
			path = View;
			sourceTree = "<group>";
		};
		29DF85BE2A1A4A99004EB124 /* Data */ = {
			isa = PBXGroup;
			children = (
				29DF85BF2A1A4AB0004EB124 /* quiz.txt */,
			);
			path = Data;
			sourceTree = "<group>";
		};
		29EB9FEB2A18C53900B152E2 /* Model */ = {
			isa = PBXGroup;
			children = (
				29EB9FEE2A18C5D200B152E2 /* Quiz.swift */,
				29639D042A24744A009903C0 /* Question.swift */,
			);
			path = Model;
			sourceTree = "<group>";
		};
		29EB9FF02A18C5E500B152E2 /* Controller */ = {
			isa = PBXGroup;
			children = (
				29EB9FF12A18C65000B152E2 /* QuizMainMenuViewController.swift */,
				29EB9FF72A18C6EB00B152E2 /* QuizListViewViewController.swift */,
				29EB9FF92A18CACC00B152E2 /* QuizResultsViewController.swift */,
				29EB9FFB2A18CB2200B152E2 /* QuizGameViewController.swift */,
				29EB9FFF2A18CF7000B152E2 /* CreateQuizViewController.swift */,
				2934F4382A19E4D800DC38D9 /* AddTitleCreateQuizViewController.swift */,
				29702D722A1B923C00A8B3F3 /* ReviewQuizViewController.swift */,
				2982E3F62A1EFDA500DB4DE2 /* QuizDetailsViewController.swift */,
				2982E4022A1F8E4D00DB4DE2 /* ModifyQuizViewController.swift */,
			);
			path = Controller;
			sourceTree = "<group>";
		};
		3148F9722A1C7BDC002C2C3C /* Model */ = {
			isa = PBXGroup;
			children = (
				3148F9742A1C7BFC002C2C3C /* FlashCard.swift */,
				319AC7702A247157009EAF82 /* FlashcardGroup.swift */,
			);
			path = Model;
			sourceTree = "<group>";
		};
		3148F9732A1C7BE7002C2C3C /* Controller */ = {
			isa = PBXGroup;
			children = (
				34B7EBD42A1E63BD00F533D7 /* CreateFlashCardViewController.swift */,
				34B7EBD82A1E64A900F533D7 /* ViewFlashcardsViewController.swift */,
				34B7EBDD2A1E64FA00F533D7 /* EditFlashCardViewController.swift */,
				348FA69E2A23CE17009C1D8F /* FlashCardMainMenuViewController.swift */,
				348FA6A42A23D402009C1D8F /* AddTitleFlashCardViewController.swift */,
				348FA6A62A23DD36009C1D8F /* FlashCardListViewController.swift */,
				348FA6B62A23E302009C1D8F /* FlashCardDetailsViewController.swift */,
			);
			path = Controller;
			sourceTree = "<group>";
		};
		348FA6AA2A23DFC9009C1D8F /* View */ = {
			isa = PBXGroup;
			children = (
				348FA6AF2A23E0A2009C1D8F /* FlashCardCell.swift */,
				348FA6B02A23E0A2009C1D8F /* FlashCardCell.xib */,
				346D88622A25A98900BE7A7F /* DetailsCell.swift */,
				346D88662A25AA1800BE7A7F /* DetailsCell.xib */,
			);
			path = View;
			sourceTree = "<group>";
		};
/* End PBXGroup section */

/* Begin PBXNativeTarget section */
		28A9781B2A00CC8C00B2A25A /* FlashyQuiz */ = {
			isa = PBXNativeTarget;
			buildConfigurationList = 28A978302A00CC8D00B2A25A /* Build configuration list for PBXNativeTarget "FlashyQuiz" */;
			buildPhases = (
				28A978182A00CC8C00B2A25A /* Sources */,
				28A978192A00CC8C00B2A25A /* Frameworks */,
				28A9781A2A00CC8C00B2A25A /* Resources */,
			);
			buildRules = (
			);
			dependencies = (
			);
			name = FlashyQuiz;
			packageProductDependencies = (
				28B3C22A2A1C51C2007554F7 /* SQLite */,
			);
			productName = FlashyQuiz;
			productReference = 28A9781C2A00CC8C00B2A25A /* FlashyQuiz.app */;
			productType = "com.apple.product-type.application";
		};
/* End PBXNativeTarget section */

/* Begin PBXProject section */
		28A978142A00CC8C00B2A25A /* Project object */ = {
			isa = PBXProject;
			attributes = {
				BuildIndependentTargetsInParallel = 1;
				LastSwiftUpdateCheck = 1430;
				LastUpgradeCheck = 1430;
				TargetAttributes = {
					28A9781B2A00CC8C00B2A25A = {
						CreatedOnToolsVersion = 14.3;
					};
				};
			};
			buildConfigurationList = 28A978172A00CC8C00B2A25A /* Build configuration list for PBXProject "FlashyQuiz" */;
			compatibilityVersion = "Xcode 14.0";
			developmentRegion = en;
			hasScannedForEncodings = 0;
			knownRegions = (
				en,
				Base,
			);
			mainGroup = 28A978132A00CC8C00B2A25A;
			productRefGroup = 28A9781D2A00CC8C00B2A25A /* Products */;
			projectDirPath = "";
			projectRoot = "";
			targets = (
				28A9781B2A00CC8C00B2A25A /* FlashyQuiz */,
			);
		};
/* End PBXProject section */

/* Begin PBXResourcesBuildPhase section */
		28A9781A2A00CC8C00B2A25A /* Resources */ = {
			isa = PBXResourcesBuildPhase;
			buildActionMask = 2147483647;
			files = (
				2982E3FD2A1F0B3F00DB4DE2 /* QuizCell.xib in Resources */,
				47ED3CE52A0A04B900BC229D /* File in Resources */,
				2982E4012A1F5BA500DB4DE2 /* DetailCell.xib in Resources */,
				29892DCD2A1DF568001725E0 /* QuestionCell.xib in Resources */,
				348FA6B22A23E0A2009C1D8F /* FlashCardCell.xib in Resources */,
				310D5EBC2A249F6C0048D6BC /* Main.storyboard in Resources */,
				28B3C2292A1C51B6007554F7 /* SQLite.swift in Resources */,
				28A9782C2A00CC8D00B2A25A /* LaunchScreen.storyboard in Resources */,
				28A978292A00CC8D00B2A25A /* Assets.xcassets in Resources */,
				299710102A231C7500944E3B /* ModifyCell.xib in Resources */,
				346D88672A25AA1800BE7A7F /* DetailsCell.xib in Resources */,
				286157782A1B47030023D85A /* FlashyQuiz.db in Resources */,
			);
			runOnlyForDeploymentPostprocessing = 0;
		};
/* End PBXResourcesBuildPhase section */

/* Begin PBXSourcesBuildPhase section */
		28A978182A00CC8C00B2A25A /* Sources */ = {
			isa = PBXSourcesBuildPhase;
			buildActionMask = 2147483647;
			files = (
				282DD5752A1B24B600003F6D /* SignUpController.swift in Sources */,
				29639D052A24744A009903C0 /* Question.swift in Sources */,
				2934F4392A19E4D800DC38D9 /* AddTitleCreateQuizViewController.swift in Sources */,
				28B3C2272A1C5075007554F7 /* UserManager.swift in Sources */,
				28A978242A00CC8C00B2A25A /* ViewController.swift in Sources */,
				282CCE332A247CDB00250B86 /* ViewFlashcardsViewController.swift in Sources */,
				348FA69F2A23CE17009C1D8F /* FlashCardMainMenuViewController.swift in Sources */,
				34B7EBD52A1E63BD00F533D7 /* CreateFlashCardViewController.swift in Sources */,
				29EB9FEF2A18C5D200B152E2 /* Quiz.swift in Sources */,
				28B3C2352A1C7A7D007554F7 /* HomeViewController.swift in Sources */,
				348FA6A72A23DD36009C1D8F /* FlashCardListViewController.swift in Sources */,
				28B3C22F2A1C5859007554F7 /* FlashcardManager.swift in Sources */,
				282CCE342A247CE000250B86 /* FlashCardDetailsViewController.swift in Sources */,
				282CCE322A247BB500250B86 /* QuestionCell.swift in Sources */,
				28A978202A00CC8C00B2A25A /* AppDelegate.swift in Sources */,
				282DD5822A1B266F00003F6D /* DatabaseManager.swift in Sources */,
				28B3C22D2A1C562B007554F7 /* QuizManager.swift in Sources */,
				29EB9FFC2A18CB2200B152E2 /* QuizGameViewController.swift in Sources */,
				29702D732A1B923C00A8B3F3 /* ReviewQuizViewController.swift in Sources */,
				0198418C2A1DD845004ABBC0 /* SettingsPageVC.swift in Sources */,
				2997100F2A231C7500944E3B /* ModifyCell.swift in Sources */,
				282CCE302A247B8F00250B86 /* QuizCell.swift in Sources */,
				282CCE312A247BA000250B86 /* QuizDetailsViewController.swift in Sources */,
				28F121B62A133AD5000E1AFB /* Home.swift in Sources */,
				2982E4032A1F8E4D00DB4DE2 /* ModifyQuizViewController.swift in Sources */,
				29EBA0002A18CF7000B152E2 /* CreateQuizViewController.swift in Sources */,
				2982E4002A1F5BA500DB4DE2 /* DetailCell.swift in Sources */,
				01995FD62A21F8DA00ADB834 /* BaseTabBarController.swift in Sources */,
				319AC7712A247157009EAF82 /* FlashcardGroup.swift in Sources */,
				348FA6A52A23D402009C1D8F /* AddTitleFlashCardViewController.swift in Sources */,
				348FA6B12A23E0A2009C1D8F /* FlashCardCell.swift in Sources */,
				29EB9FFA2A18CACC00B152E2 /* QuizResultsViewController.swift in Sources */,
				282DD5712A1B23FB00003F6D /* User.swift in Sources */,
				34B7EBDE2A1E64FA00F533D7 /* EditFlashCardViewController.swift in Sources */,
				3148F9752A1C7BFC002C2C3C /* FlashCard.swift in Sources */,
				29EB9FF82A18C6EB00B152E2 /* QuizListViewViewController.swift in Sources */,
				29EB9FF22A18C65000B152E2 /* QuizMainMenuViewController.swift in Sources */,
				282DD5802A1B265F00003F6D /* DatabaseController.swift in Sources */,
				282CCE362A24927900250B86 /* TestManager.swift in Sources */,
				28A978222A00CC8C00B2A25A /* SceneDelegate.swift in Sources */,
				346D88632A25A98900BE7A7F /* DetailsCell.swift in Sources */,
				282DD5772A1B24E100003F6D /* LoginController.swift in Sources */,
			);
			runOnlyForDeploymentPostprocessing = 0;
		};
/* End PBXSourcesBuildPhase section */

/* Begin PBXVariantGroup section */
		28A978252A00CC8C00B2A25A /* Main.storyboard */ = {
			isa = PBXVariantGroup;
			children = (
				28A978262A00CC8C00B2A25A /* Base */,
			);
			name = Main.storyboard;
			sourceTree = "<group>";
		};
		28A9782A2A00CC8D00B2A25A /* LaunchScreen.storyboard */ = {
			isa = PBXVariantGroup;
			children = (
				28A9782B2A00CC8D00B2A25A /* Base */,
			);
			name = LaunchScreen.storyboard;
			sourceTree = "<group>";
		};
/* End PBXVariantGroup section */

/* Begin XCBuildConfiguration section */
		28A9782E2A00CC8D00B2A25A /* Debug */ = {
			isa = XCBuildConfiguration;
			buildSettings = {
				ALWAYS_SEARCH_USER_PATHS = NO;
				CLANG_ANALYZER_NONNULL = YES;
				CLANG_ANALYZER_NUMBER_OBJECT_CONVERSION = YES_AGGRESSIVE;
				CLANG_CXX_LANGUAGE_STANDARD = "gnu++20";
				CLANG_ENABLE_MODULES = YES;
				CLANG_ENABLE_OBJC_ARC = YES;
				CLANG_ENABLE_OBJC_WEAK = YES;
				CLANG_WARN_BLOCK_CAPTURE_AUTORELEASING = YES;
				CLANG_WARN_BOOL_CONVERSION = YES;
				CLANG_WARN_COMMA = YES;
				CLANG_WARN_CONSTANT_CONVERSION = YES;
				CLANG_WARN_DEPRECATED_OBJC_IMPLEMENTATIONS = YES;
				CLANG_WARN_DIRECT_OBJC_ISA_USAGE = YES_ERROR;
				CLANG_WARN_DOCUMENTATION_COMMENTS = YES;
				CLANG_WARN_EMPTY_BODY = YES;
				CLANG_WARN_ENUM_CONVERSION = YES;
				CLANG_WARN_INFINITE_RECURSION = YES;
				CLANG_WARN_INT_CONVERSION = YES;
				CLANG_WARN_NON_LITERAL_NULL_CONVERSION = YES;
				CLANG_WARN_OBJC_IMPLICIT_RETAIN_SELF = YES;
				CLANG_WARN_OBJC_LITERAL_CONVERSION = YES;
				CLANG_WARN_OBJC_ROOT_CLASS = YES_ERROR;
				CLANG_WARN_QUOTED_INCLUDE_IN_FRAMEWORK_HEADER = YES;
				CLANG_WARN_RANGE_LOOP_ANALYSIS = YES;
				CLANG_WARN_STRICT_PROTOTYPES = YES;
				CLANG_WARN_SUSPICIOUS_MOVE = YES;
				CLANG_WARN_UNGUARDED_AVAILABILITY = YES_AGGRESSIVE;
				CLANG_WARN_UNREACHABLE_CODE = YES;
				CLANG_WARN__DUPLICATE_METHOD_MATCH = YES;
				COPY_PHASE_STRIP = NO;
				DEBUG_INFORMATION_FORMAT = dwarf;
				ENABLE_STRICT_OBJC_MSGSEND = YES;
				ENABLE_TESTABILITY = YES;
				GCC_C_LANGUAGE_STANDARD = gnu11;
				GCC_DYNAMIC_NO_PIC = NO;
				GCC_NO_COMMON_BLOCKS = YES;
				GCC_OPTIMIZATION_LEVEL = 0;
				GCC_PREPROCESSOR_DEFINITIONS = (
					"DEBUG=1",
					"$(inherited)",
				);
				GCC_WARN_64_TO_32_BIT_CONVERSION = YES;
				GCC_WARN_ABOUT_RETURN_TYPE = YES_ERROR;
				GCC_WARN_UNDECLARED_SELECTOR = YES;
				GCC_WARN_UNINITIALIZED_AUTOS = YES_AGGRESSIVE;
				GCC_WARN_UNUSED_FUNCTION = YES;
				GCC_WARN_UNUSED_VARIABLE = YES;
				IPHONEOS_DEPLOYMENT_TARGET = 16.4;
				MTL_ENABLE_DEBUG_INFO = INCLUDE_SOURCE;
				MTL_FAST_MATH = YES;
				ONLY_ACTIVE_ARCH = YES;
				SDKROOT = iphoneos;
				SWIFT_ACTIVE_COMPILATION_CONDITIONS = DEBUG;
				SWIFT_OPTIMIZATION_LEVEL = "-Onone";
			};
			name = Debug;
		};
		28A9782F2A00CC8D00B2A25A /* Release */ = {
			isa = XCBuildConfiguration;
			buildSettings = {
				ALWAYS_SEARCH_USER_PATHS = NO;
				CLANG_ANALYZER_NONNULL = YES;
				CLANG_ANALYZER_NUMBER_OBJECT_CONVERSION = YES_AGGRESSIVE;
				CLANG_CXX_LANGUAGE_STANDARD = "gnu++20";
				CLANG_ENABLE_MODULES = YES;
				CLANG_ENABLE_OBJC_ARC = YES;
				CLANG_ENABLE_OBJC_WEAK = YES;
				CLANG_WARN_BLOCK_CAPTURE_AUTORELEASING = YES;
				CLANG_WARN_BOOL_CONVERSION = YES;
				CLANG_WARN_COMMA = YES;
				CLANG_WARN_CONSTANT_CONVERSION = YES;
				CLANG_WARN_DEPRECATED_OBJC_IMPLEMENTATIONS = YES;
				CLANG_WARN_DIRECT_OBJC_ISA_USAGE = YES_ERROR;
				CLANG_WARN_DOCUMENTATION_COMMENTS = YES;
				CLANG_WARN_EMPTY_BODY = YES;
				CLANG_WARN_ENUM_CONVERSION = YES;
				CLANG_WARN_INFINITE_RECURSION = YES;
				CLANG_WARN_INT_CONVERSION = YES;
				CLANG_WARN_NON_LITERAL_NULL_CONVERSION = YES;
				CLANG_WARN_OBJC_IMPLICIT_RETAIN_SELF = YES;
				CLANG_WARN_OBJC_LITERAL_CONVERSION = YES;
				CLANG_WARN_OBJC_ROOT_CLASS = YES_ERROR;
				CLANG_WARN_QUOTED_INCLUDE_IN_FRAMEWORK_HEADER = YES;
				CLANG_WARN_RANGE_LOOP_ANALYSIS = YES;
				CLANG_WARN_STRICT_PROTOTYPES = YES;
				CLANG_WARN_SUSPICIOUS_MOVE = YES;
				CLANG_WARN_UNGUARDED_AVAILABILITY = YES_AGGRESSIVE;
				CLANG_WARN_UNREACHABLE_CODE = YES;
				CLANG_WARN__DUPLICATE_METHOD_MATCH = YES;
				COPY_PHASE_STRIP = NO;
				DEBUG_INFORMATION_FORMAT = "dwarf-with-dsym";
				ENABLE_NS_ASSERTIONS = NO;
				ENABLE_STRICT_OBJC_MSGSEND = YES;
				GCC_C_LANGUAGE_STANDARD = gnu11;
				GCC_NO_COMMON_BLOCKS = YES;
				GCC_WARN_64_TO_32_BIT_CONVERSION = YES;
				GCC_WARN_ABOUT_RETURN_TYPE = YES_ERROR;
				GCC_WARN_UNDECLARED_SELECTOR = YES;
				GCC_WARN_UNINITIALIZED_AUTOS = YES_AGGRESSIVE;
				GCC_WARN_UNUSED_FUNCTION = YES;
				GCC_WARN_UNUSED_VARIABLE = YES;
				IPHONEOS_DEPLOYMENT_TARGET = 16.4;
				MTL_ENABLE_DEBUG_INFO = NO;
				MTL_FAST_MATH = YES;
				SDKROOT = iphoneos;
				SWIFT_COMPILATION_MODE = wholemodule;
				SWIFT_OPTIMIZATION_LEVEL = "-O";
				VALIDATE_PRODUCT = YES;
			};
			name = Release;
		};
		28A978312A00CC8D00B2A25A /* Debug */ = {
			isa = XCBuildConfiguration;
			buildSettings = {
				ASSETCATALOG_COMPILER_APPICON_NAME = AppIcon;
				ASSETCATALOG_COMPILER_GLOBAL_ACCENT_COLOR_NAME = AccentColor;
				CODE_SIGN_STYLE = Automatic;
				CURRENT_PROJECT_VERSION = 1;
				GENERATE_INFOPLIST_FILE = YES;
				INFOPLIST_FILE = FlashyQuiz/Info.plist;
				INFOPLIST_KEY_UIApplicationSupportsIndirectInputEvents = YES;
				INFOPLIST_KEY_UILaunchStoryboardName = LaunchScreen;
				INFOPLIST_KEY_UIMainStoryboardFile = Main;
				INFOPLIST_KEY_UISupportedInterfaceOrientations_iPad = "UIInterfaceOrientationPortrait UIInterfaceOrientationPortraitUpsideDown UIInterfaceOrientationLandscapeLeft UIInterfaceOrientationLandscapeRight";
				INFOPLIST_KEY_UISupportedInterfaceOrientations_iPhone = "UIInterfaceOrientationPortrait UIInterfaceOrientationLandscapeLeft UIInterfaceOrientationLandscapeRight";
				IPHONEOS_DEPLOYMENT_TARGET = 16.2;
				LD_RUNPATH_SEARCH_PATHS = (
					"$(inherited)",
					"@executable_path/Frameworks",
				);
				MARKETING_VERSION = 1.0;
				PRODUCT_BUNDLE_IDENTIFIER = uts.edu.au.FlashyQuiz;
				PRODUCT_NAME = "$(TARGET_NAME)";
				SWIFT_EMIT_LOC_STRINGS = YES;
				SWIFT_VERSION = 5.0;
				TARGETED_DEVICE_FAMILY = "1,2";
			};
			name = Debug;
		};
		28A978322A00CC8D00B2A25A /* Release */ = {
			isa = XCBuildConfiguration;
			buildSettings = {
				ASSETCATALOG_COMPILER_APPICON_NAME = AppIcon;
				ASSETCATALOG_COMPILER_GLOBAL_ACCENT_COLOR_NAME = AccentColor;
				CODE_SIGN_STYLE = Automatic;
				CURRENT_PROJECT_VERSION = 1;
				GENERATE_INFOPLIST_FILE = YES;
				INFOPLIST_FILE = FlashyQuiz/Info.plist;
				INFOPLIST_KEY_UIApplicationSupportsIndirectInputEvents = YES;
				INFOPLIST_KEY_UILaunchStoryboardName = LaunchScreen;
				INFOPLIST_KEY_UIMainStoryboardFile = Main;
				INFOPLIST_KEY_UISupportedInterfaceOrientations_iPad = "UIInterfaceOrientationPortrait UIInterfaceOrientationPortraitUpsideDown UIInterfaceOrientationLandscapeLeft UIInterfaceOrientationLandscapeRight";
				INFOPLIST_KEY_UISupportedInterfaceOrientations_iPhone = "UIInterfaceOrientationPortrait UIInterfaceOrientationLandscapeLeft UIInterfaceOrientationLandscapeRight";
				IPHONEOS_DEPLOYMENT_TARGET = 16.2;
				LD_RUNPATH_SEARCH_PATHS = (
					"$(inherited)",
					"@executable_path/Frameworks",
				);
				MARKETING_VERSION = 1.0;
				PRODUCT_BUNDLE_IDENTIFIER = uts.edu.au.FlashyQuiz;
				PRODUCT_NAME = "$(TARGET_NAME)";
				SWIFT_EMIT_LOC_STRINGS = YES;
				SWIFT_VERSION = 5.0;
				TARGETED_DEVICE_FAMILY = "1,2";
			};
			name = Release;
		};
/* End XCBuildConfiguration section */

/* Begin XCConfigurationList section */
		28A978172A00CC8C00B2A25A /* Build configuration list for PBXProject "FlashyQuiz" */ = {
			isa = XCConfigurationList;
			buildConfigurations = (
				28A9782E2A00CC8D00B2A25A /* Debug */,
				28A9782F2A00CC8D00B2A25A /* Release */,
			);
			defaultConfigurationIsVisible = 0;
			defaultConfigurationName = Release;
		};
		28A978302A00CC8D00B2A25A /* Build configuration list for PBXNativeTarget "FlashyQuiz" */ = {
			isa = XCConfigurationList;
			buildConfigurations = (
				28A978312A00CC8D00B2A25A /* Debug */,
				28A978322A00CC8D00B2A25A /* Release */,
			);
			defaultConfigurationIsVisible = 0;
			defaultConfigurationName = Release;
		};
/* End XCConfigurationList section */

/* Begin XCSwiftPackageProductDependency section */
		28B3C22A2A1C51C2007554F7 /* SQLite */ = {
			isa = XCSwiftPackageProductDependency;
			productName = SQLite;
		};
/* End XCSwiftPackageProductDependency section */
	};
	rootObject = 28A978142A00CC8C00B2A25A /* Project object */;
}
